// !$*UTF8*$!
{
	archiveVersion = 1;
	classes = {
	};
	objectVersion = 50;
	objects = {

/* Begin PBXBuildFile section */
		DF2A4DAF26FB9277006D3FB6 /* AppDelegate.swift in Sources */ = {isa = PBXBuildFile; fileRef = DF2A4DAE26FB9277006D3FB6 /* AppDelegate.swift */; };
		DF2A4DB126FB9277006D3FB6 /* GameScene.sks in Resources */ = {isa = PBXBuildFile; fileRef = DF2A4DB026FB9277006D3FB6 /* GameScene.sks */; };
		DF2A4DB526FB9277006D3FB6 /* GameScene.swift in Sources */ = {isa = PBXBuildFile; fileRef = DF2A4DB426FB9277006D3FB6 /* GameScene.swift */; };
		DF2A4DB726FB9277006D3FB6 /* GameViewController.swift in Sources */ = {isa = PBXBuildFile; fileRef = DF2A4DB626FB9277006D3FB6 /* GameViewController.swift */; };
		DF2A4DBA26FB9277006D3FB6 /* Main.storyboard in Resources */ = {isa = PBXBuildFile; fileRef = DF2A4DB826FB9277006D3FB6 /* Main.storyboard */; };
		DF2A4DBC26FB927A006D3FB6 /* Assets.xcassets in Resources */ = {isa = PBXBuildFile; fileRef = DF2A4DBB26FB927A006D3FB6 /* Assets.xcassets */; };
		DF2A4DD126FBB682006D3FB6 /* playerIdleLeft.atlas in Resources */ = {isa = PBXBuildFile; fileRef = DF2A4DCD26FBB682006D3FB6 /* playerIdleLeft.atlas */; };
		DF2A4DD226FBB682006D3FB6 /* playerIdleDown.atlas in Resources */ = {isa = PBXBuildFile; fileRef = DF2A4DCE26FBB682006D3FB6 /* playerIdleDown.atlas */; };
		DF2A4DD326FBB682006D3FB6 /* playerIdleRight.atlas in Resources */ = {isa = PBXBuildFile; fileRef = DF2A4DCF26FBB682006D3FB6 /* playerIdleRight.atlas */; };
		DF2A4DD426FBB682006D3FB6 /* playerIdleUp.atlas in Resources */ = {isa = PBXBuildFile; fileRef = DF2A4DD026FBB682006D3FB6 /* playerIdleUp.atlas */; };
		DF2A4DD726FBCEA8006D3FB6 /* SKActionExtensions.swift in Sources */ = {isa = PBXBuildFile; fileRef = DF2A4DD626FBCEA8006D3FB6 /* SKActionExtensions.swift */; };
		DF2A4DD926FBCF0C006D3FB6 /* SKTextureExtensions.swift in Sources */ = {isa = PBXBuildFile; fileRef = DF2A4DD826FBCF0C006D3FB6 /* SKTextureExtensions.swift */; };
		DF2A4DDB26FBCFB4006D3FB6 /* Direction.swift in Sources */ = {isa = PBXBuildFile; fileRef = DF2A4DDA26FBCFB4006D3FB6 /* Direction.swift */; };
		DF2A4DDD26FBCFDB006D3FB6 /* Action.swift in Sources */ = {isa = PBXBuildFile; fileRef = DF2A4DDC26FBCFDB006D3FB6 /* Action.swift */; };
		DF2A4DE026FBD14B006D3FB6 /* PlayerController.swift in Sources */ = {isa = PBXBuildFile; fileRef = DF2A4DDF26FBD14B006D3FB6 /* PlayerController.swift */; };
		DF2A4E0726FD0568006D3FB6 /* playerWalkingUp.atlas in Resources */ = {isa = PBXBuildFile; fileRef = DF2A4E0326FD0568006D3FB6 /* playerWalkingUp.atlas */; };
		DF2A4E0826FD0568006D3FB6 /* playerWalkingRight.atlas in Resources */ = {isa = PBXBuildFile; fileRef = DF2A4E0426FD0568006D3FB6 /* playerWalkingRight.atlas */; };
		DF2A4E0926FD0568006D3FB6 /* playerWalkingDown.atlas in Resources */ = {isa = PBXBuildFile; fileRef = DF2A4E0526FD0568006D3FB6 /* playerWalkingDown.atlas */; };
		DF2A4E0A26FD0568006D3FB6 /* playerWalkingLeft.atlas in Resources */ = {isa = PBXBuildFile; fileRef = DF2A4E0626FD0568006D3FB6 /* playerWalkingLeft.atlas */; };
		DF2A4E0F26FD20DC006D3FB6 /* playerAttackDown.atlas in Resources */ = {isa = PBXBuildFile; fileRef = DF2A4E0B26FD20DB006D3FB6 /* playerAttackDown.atlas */; };
		DF2A4E1026FD20DC006D3FB6 /* playerAttackUp.atlas in Resources */ = {isa = PBXBuildFile; fileRef = DF2A4E0C26FD20DC006D3FB6 /* playerAttackUp.atlas */; };
		DF2A4E1126FD20DC006D3FB6 /* playerAttackRight.atlas in Resources */ = {isa = PBXBuildFile; fileRef = DF2A4E0D26FD20DC006D3FB6 /* playerAttackRight.atlas */; };
		DF2A4E1226FD20DC006D3FB6 /* playerAttackLeft.atlas in Resources */ = {isa = PBXBuildFile; fileRef = DF2A4E0E26FD20DC006D3FB6 /* playerAttackLeft.atlas */; };
/* End PBXBuildFile section */

/* Begin PBXFileReference section */
		DF2A4DAB26FB9277006D3FB6 /* explorationGame.app */ = {isa = PBXFileReference; explicitFileType = wrapper.application; includeInIndex = 0; path = explorationGame.app; sourceTree = BUILT_PRODUCTS_DIR; };
		DF2A4DAE26FB9277006D3FB6 /* AppDelegate.swift */ = {isa = PBXFileReference; lastKnownFileType = sourcecode.swift; path = AppDelegate.swift; sourceTree = "<group>"; };
		DF2A4DB026FB9277006D3FB6 /* GameScene.sks */ = {isa = PBXFileReference; lastKnownFileType = file.sks; path = GameScene.sks; sourceTree = "<group>"; };
		DF2A4DB426FB9277006D3FB6 /* GameScene.swift */ = {isa = PBXFileReference; lastKnownFileType = sourcecode.swift; path = GameScene.swift; sourceTree = "<group>"; };
		DF2A4DB626FB9277006D3FB6 /* GameViewController.swift */ = {isa = PBXFileReference; lastKnownFileType = sourcecode.swift; path = GameViewController.swift; sourceTree = "<group>"; };
		DF2A4DB926FB9277006D3FB6 /* Base */ = {isa = PBXFileReference; lastKnownFileType = file.storyboard; name = Base; path = Base.lproj/Main.storyboard; sourceTree = "<group>"; };
		DF2A4DBB26FB927A006D3FB6 /* Assets.xcassets */ = {isa = PBXFileReference; lastKnownFileType = folder.assetcatalog; path = Assets.xcassets; sourceTree = "<group>"; };
		DF2A4DBD26FB927A006D3FB6 /* Info.plist */ = {isa = PBXFileReference; lastKnownFileType = text.plist.xml; path = Info.plist; sourceTree = "<group>"; };
		DF2A4DCD26FBB682006D3FB6 /* playerIdleLeft.atlas */ = {isa = PBXFileReference; lastKnownFileType = folder.skatlas; path = playerIdleLeft.atlas; sourceTree = "<group>"; };
		DF2A4DCE26FBB682006D3FB6 /* playerIdleDown.atlas */ = {isa = PBXFileReference; lastKnownFileType = folder.skatlas; path = playerIdleDown.atlas; sourceTree = "<group>"; };
		DF2A4DCF26FBB682006D3FB6 /* playerIdleRight.atlas */ = {isa = PBXFileReference; lastKnownFileType = folder.skatlas; path = playerIdleRight.atlas; sourceTree = "<group>"; };
		DF2A4DD026FBB682006D3FB6 /* playerIdleUp.atlas */ = {isa = PBXFileReference; lastKnownFileType = folder.skatlas; path = playerIdleUp.atlas; sourceTree = "<group>"; };
		DF2A4DD626FBCEA8006D3FB6 /* SKActionExtensions.swift */ = {isa = PBXFileReference; lastKnownFileType = sourcecode.swift; path = SKActionExtensions.swift; sourceTree = "<group>"; };
		DF2A4DD826FBCF0C006D3FB6 /* SKTextureExtensions.swift */ = {isa = PBXFileReference; lastKnownFileType = sourcecode.swift; path = SKTextureExtensions.swift; sourceTree = "<group>"; };
		DF2A4DDA26FBCFB4006D3FB6 /* Direction.swift */ = {isa = PBXFileReference; lastKnownFileType = sourcecode.swift; path = Direction.swift; sourceTree = "<group>"; };
		DF2A4DDC26FBCFDB006D3FB6 /* Action.swift */ = {isa = PBXFileReference; lastKnownFileType = sourcecode.swift; path = Action.swift; sourceTree = "<group>"; };
		DF2A4DDF26FBD14B006D3FB6 /* PlayerController.swift */ = {isa = PBXFileReference; lastKnownFileType = sourcecode.swift; path = PlayerController.swift; sourceTree = "<group>"; };
		DF2A4E0326FD0568006D3FB6 /* playerWalkingUp.atlas */ = {isa = PBXFileReference; lastKnownFileType = folder.skatlas; path = playerWalkingUp.atlas; sourceTree = "<group>"; };
		DF2A4E0426FD0568006D3FB6 /* playerWalkingRight.atlas */ = {isa = PBXFileReference; lastKnownFileType = folder.skatlas; path = playerWalkingRight.atlas; sourceTree = "<group>"; };
		DF2A4E0526FD0568006D3FB6 /* playerWalkingDown.atlas */ = {isa = PBXFileReference; lastKnownFileType = folder.skatlas; path = playerWalkingDown.atlas; sourceTree = "<group>"; };
		DF2A4E0626FD0568006D3FB6 /* playerWalkingLeft.atlas */ = {isa = PBXFileReference; lastKnownFileType = folder.skatlas; path = playerWalkingLeft.atlas; sourceTree = "<group>"; };
		DF2A4E0B26FD20DB006D3FB6 /* playerAttackDown.atlas */ = {isa = PBXFileReference; lastKnownFileType = folder.skatlas; path = playerAttackDown.atlas; sourceTree = "<group>"; };
		DF2A4E0C26FD20DC006D3FB6 /* playerAttackUp.atlas */ = {isa = PBXFileReference; lastKnownFileType = folder.skatlas; path = playerAttackUp.atlas; sourceTree = "<group>"; };
		DF2A4E0D26FD20DC006D3FB6 /* playerAttackRight.atlas */ = {isa = PBXFileReference; lastKnownFileType = folder.skatlas; path = playerAttackRight.atlas; sourceTree = "<group>"; };
		DF2A4E0E26FD20DC006D3FB6 /* playerAttackLeft.atlas */ = {isa = PBXFileReference; lastKnownFileType = folder.skatlas; path = playerAttackLeft.atlas; sourceTree = "<group>"; };
/* End PBXFileReference section */

/* Begin PBXFrameworksBuildPhase section */
		DF2A4DA826FB9277006D3FB6 /* Frameworks */ = {
			isa = PBXFrameworksBuildPhase;
			buildActionMask = 2147483647;
			files = (
			);
			runOnlyForDeploymentPostprocessing = 0;
		};
/* End PBXFrameworksBuildPhase section */

/* Begin PBXGroup section */
		DF2A4DA226FB9277006D3FB6 = {
			isa = PBXGroup;
			children = (
				DF2A4DD526FBCE70006D3FB6 /* Common */,
				DF2A4DC326FBAF06006D3FB6 /* Assets */,
				DF2A4DAD26FB9277006D3FB6 /* explorationGame */,
				DF2A4DAC26FB9277006D3FB6 /* Products */,
			);
			sourceTree = "<group>";
		};
		DF2A4DAC26FB9277006D3FB6 /* Products */ = {
			isa = PBXGroup;
			children = (
				DF2A4DAB26FB9277006D3FB6 /* explorationGame.app */,
			);
			name = Products;
			sourceTree = "<group>";
		};
		DF2A4DAD26FB9277006D3FB6 /* explorationGame */ = {
			isa = PBXGroup;
			children = (
				DF2A4E0226FCC795006D3FB6 /* Scenes */,
				DF2A4DDE26FBD125006D3FB6 /* Player */,
				DF2A4DAE26FB9277006D3FB6 /* AppDelegate.swift */,
				DF2A4DB626FB9277006D3FB6 /* GameViewController.swift */,
				DF2A4DB826FB9277006D3FB6 /* Main.storyboard */,
				DF2A4DBB26FB927A006D3FB6 /* Assets.xcassets */,
				DF2A4DBD26FB927A006D3FB6 /* Info.plist */,
			);
			path = explorationGame;
			sourceTree = "<group>";
		};
		DF2A4DC326FBAF06006D3FB6 /* Assets */ = {
			isa = PBXGroup;
			children = (
				DF2A4DC426FBAF10006D3FB6 /* Textures */,
			);
			path = Assets;
			sourceTree = "<group>";
		};
		DF2A4DC426FBAF10006D3FB6 /* Textures */ = {
			isa = PBXGroup;
			children = (
				DF2A4E0B26FD20DB006D3FB6 /* playerAttackDown.atlas */,
				DF2A4E0E26FD20DC006D3FB6 /* playerAttackLeft.atlas */,
				DF2A4E0D26FD20DC006D3FB6 /* playerAttackRight.atlas */,
				DF2A4E0C26FD20DC006D3FB6 /* playerAttackUp.atlas */,
				DF2A4E0526FD0568006D3FB6 /* playerWalkingDown.atlas */,
				DF2A4E0626FD0568006D3FB6 /* playerWalkingLeft.atlas */,
				DF2A4E0426FD0568006D3FB6 /* playerWalkingRight.atlas */,
				DF2A4E0326FD0568006D3FB6 /* playerWalkingUp.atlas */,
				DF2A4DCE26FBB682006D3FB6 /* playerIdleDown.atlas */,
				DF2A4DCD26FBB682006D3FB6 /* playerIdleLeft.atlas */,
				DF2A4DCF26FBB682006D3FB6 /* playerIdleRight.atlas */,
				DF2A4DD026FBB682006D3FB6 /* playerIdleUp.atlas */,
			);
			path = Textures;
			sourceTree = "<group>";
		};
		DF2A4DD526FBCE70006D3FB6 /* Common */ = {
			isa = PBXGroup;
			children = (
				DF2A4DD626FBCEA8006D3FB6 /* SKActionExtensions.swift */,
				DF2A4DD826FBCF0C006D3FB6 /* SKTextureExtensions.swift */,
				DF2A4DDA26FBCFB4006D3FB6 /* Direction.swift */,
				DF2A4DDC26FBCFDB006D3FB6 /* Action.swift */,
			);
			path = Common;
			sourceTree = "<group>";
		};
		DF2A4DDE26FBD125006D3FB6 /* Player */ = {
			isa = PBXGroup;
			children = (
				DF2A4DDF26FBD14B006D3FB6 /* PlayerController.swift */,
			);
			path = Player;
			sourceTree = "<group>";
		};
		DF2A4E0226FCC795006D3FB6 /* Scenes */ = {
			isa = PBXGroup;
			children = (
				DF2A4DB426FB9277006D3FB6 /* GameScene.swift */,
				DF2A4DB026FB9277006D3FB6 /* GameScene.sks */,
			);
			path = Scenes;
			sourceTree = "<group>";
		};
/* End PBXGroup section */

/* Begin PBXNativeTarget section */
		DF2A4DAA26FB9277006D3FB6 /* explorationGame */ = {
			isa = PBXNativeTarget;
			buildConfigurationList = DF2A4DC026FB927A006D3FB6 /* Build configuration list for PBXNativeTarget "explorationGame" */;
			buildPhases = (
				DF2A4DA726FB9277006D3FB6 /* Sources */,
				DF2A4DA826FB9277006D3FB6 /* Frameworks */,
				DF2A4DA926FB9277006D3FB6 /* Resources */,
			);
			buildRules = (
			);
			dependencies = (
			);
			name = explorationGame;
			productName = exporationGame;
			productReference = DF2A4DAB26FB9277006D3FB6 /* explorationGame.app */;
			productType = "com.apple.product-type.application";
		};
/* End PBXNativeTarget section */

/* Begin PBXProject section */
		DF2A4DA326FB9277006D3FB6 /* Project object */ = {
			isa = PBXProject;
			attributes = {
				LastSwiftUpdateCheck = 1250;
				LastUpgradeCheck = 1250;
				TargetAttributes = {
					DF2A4DAA26FB9277006D3FB6 = {
						CreatedOnToolsVersion = 12.5.1;
					};
				};
			};
			buildConfigurationList = DF2A4DA626FB9277006D3FB6 /* Build configuration list for PBXProject "explorationGame" */;
			compatibilityVersion = "Xcode 9.3";
			developmentRegion = en;
			hasScannedForEncodings = 0;
			knownRegions = (
				en,
				Base,
			);
			mainGroup = DF2A4DA226FB9277006D3FB6;
			productRefGroup = DF2A4DAC26FB9277006D3FB6 /* Products */;
			projectDirPath = "";
			projectRoot = "";
			targets = (
				DF2A4DAA26FB9277006D3FB6 /* explorationGame */,
			);
		};
/* End PBXProject section */

/* Begin PBXResourcesBuildPhase section */
		DF2A4DA926FB9277006D3FB6 /* Resources */ = {
			isa = PBXResourcesBuildPhase;
			buildActionMask = 2147483647;
			files = (
				DF2A4DD326FBB682006D3FB6 /* playerIdleRight.atlas in Resources */,
				DF2A4DBA26FB9277006D3FB6 /* Main.storyboard in Resources */,
				DF2A4DB126FB9277006D3FB6 /* GameScene.sks in Resources */,
				DF2A4E0726FD0568006D3FB6 /* playerWalkingUp.atlas in Resources */,
				DF2A4DD126FBB682006D3FB6 /* playerIdleLeft.atlas in Resources */,
				DF2A4E0826FD0568006D3FB6 /* playerWalkingRight.atlas in Resources */,
				DF2A4E0F26FD20DC006D3FB6 /* playerAttackDown.atlas in Resources */,
				DF2A4E1226FD20DC006D3FB6 /* playerAttackLeft.atlas in Resources */,
				DF2A4E0A26FD0568006D3FB6 /* playerWalkingLeft.atlas in Resources */,
				DF2A4DBC26FB927A006D3FB6 /* Assets.xcassets in Resources */,
				DF2A4DD426FBB682006D3FB6 /* playerIdleUp.atlas in Resources */,
				DF2A4E0926FD0568006D3FB6 /* playerWalkingDown.atlas in Resources */,
				DF2A4E1026FD20DC006D3FB6 /* playerAttackUp.atlas in Resources */,
				DF2A4DD226FBB682006D3FB6 /* playerIdleDown.atlas in Resources */,
				DF2A4E1126FD20DC006D3FB6 /* playerAttackRight.atlas in Resources */,
			);
			runOnlyForDeploymentPostprocessing = 0;
		};
/* End PBXResourcesBuildPhase section */

/* Begin PBXSourcesBuildPhase section */
		DF2A4DA726FB9277006D3FB6 /* Sources */ = {
			isa = PBXSourcesBuildPhase;
			buildActionMask = 2147483647;
			files = (
				DF2A4DB526FB9277006D3FB6 /* GameScene.swift in Sources */,
				DF2A4DB726FB9277006D3FB6 /* GameViewController.swift in Sources */,
				DF2A4DE026FBD14B006D3FB6 /* PlayerController.swift in Sources */,
				DF2A4DAF26FB9277006D3FB6 /* AppDelegate.swift in Sources */,
				DF2A4DDD26FBCFDB006D3FB6 /* Action.swift in Sources */,
				DF2A4DD926FBCF0C006D3FB6 /* SKTextureExtensions.swift in Sources */,
				DF2A4DD726FBCEA8006D3FB6 /* SKActionExtensions.swift in Sources */,
				DF2A4DDB26FBCFB4006D3FB6 /* Direction.swift in Sources */,
			);
			runOnlyForDeploymentPostprocessing = 0;
		};
/* End PBXSourcesBuildPhase section */

/* Begin PBXVariantGroup section */
		DF2A4DB826FB9277006D3FB6 /* Main.storyboard */ = {
			isa = PBXVariantGroup;
			children = (
				DF2A4DB926FB9277006D3FB6 /* Base */,
			);
			name = Main.storyboard;
			sourceTree = "<group>";
		};
/* End PBXVariantGroup section */

/* Begin XCBuildConfiguration section */
		DF2A4DBE26FB927A006D3FB6 /* Debug */ = {
			isa = XCBuildConfiguration;
			buildSettings = {
				ALWAYS_SEARCH_USER_PATHS = NO;
				CLANG_ANALYZER_NONNULL = YES;
				CLANG_ANALYZER_NUMBER_OBJECT_CONVERSION = YES_AGGRESSIVE;
				CLANG_CXX_LANGUAGE_STANDARD = "gnu++14";
				CLANG_CXX_LIBRARY = "libc++";
				CLANG_ENABLE_MODULES = YES;
				CLANG_ENABLE_OBJC_ARC = YES;
				CLANG_ENABLE_OBJC_WEAK = YES;
				CLANG_WARN_BLOCK_CAPTURE_AUTORELEASING = YES;
				CLANG_WARN_BOOL_CONVERSION = YES;
				CLANG_WARN_COMMA = YES;
				CLANG_WARN_CONSTANT_CONVERSION = YES;
				CLANG_WARN_DEPRECATED_OBJC_IMPLEMENTATIONS = YES;
				CLANG_WARN_DIRECT_OBJC_ISA_USAGE = YES_ERROR;
				CLANG_WARN_DOCUMENTATION_COMMENTS = YES;
				CLANG_WARN_EMPTY_BODY = YES;
				CLANG_WARN_ENUM_CONVERSION = YES;
				CLANG_WARN_INFINITE_RECURSION = YES;
				CLANG_WARN_INT_CONVERSION = YES;
				CLANG_WARN_NON_LITERAL_NULL_CONVERSION = YES;
				CLANG_WARN_OBJC_IMPLICIT_RETAIN_SELF = YES;
				CLANG_WARN_OBJC_LITERAL_CONVERSION = YES;
				CLANG_WARN_OBJC_ROOT_CLASS = YES_ERROR;
				CLANG_WARN_QUOTED_INCLUDE_IN_FRAMEWORK_HEADER = YES;
				CLANG_WARN_RANGE_LOOP_ANALYSIS = YES;
				CLANG_WARN_STRICT_PROTOTYPES = YES;
				CLANG_WARN_SUSPICIOUS_MOVE = YES;
				CLANG_WARN_UNGUARDED_AVAILABILITY = YES_AGGRESSIVE;
				CLANG_WARN_UNREACHABLE_CODE = YES;
				CLANG_WARN__DUPLICATE_METHOD_MATCH = YES;
				COPY_PHASE_STRIP = NO;
				DEBUG_INFORMATION_FORMAT = dwarf;
				ENABLE_STRICT_OBJC_MSGSEND = YES;
				ENABLE_TESTABILITY = YES;
				GCC_C_LANGUAGE_STANDARD = gnu11;
				GCC_DYNAMIC_NO_PIC = NO;
				GCC_NO_COMMON_BLOCKS = YES;
				GCC_OPTIMIZATION_LEVEL = 0;
				GCC_PREPROCESSOR_DEFINITIONS = (
					"DEBUG=1",
					"$(inherited)",
				);
				GCC_WARN_64_TO_32_BIT_CONVERSION = YES;
				GCC_WARN_ABOUT_RETURN_TYPE = YES_ERROR;
				GCC_WARN_UNDECLARED_SELECTOR = YES;
				GCC_WARN_UNINITIALIZED_AUTOS = YES_AGGRESSIVE;
				GCC_WARN_UNUSED_FUNCTION = YES;
				GCC_WARN_UNUSED_VARIABLE = YES;
				IPHONEOS_DEPLOYMENT_TARGET = 14.5;
				MTL_ENABLE_DEBUG_INFO = INCLUDE_SOURCE;
				MTL_FAST_MATH = YES;
				ONLY_ACTIVE_ARCH = YES;
				SDKROOT = iphoneos;
				SWIFT_ACTIVE_COMPILATION_CONDITIONS = DEBUG;
				SWIFT_OPTIMIZATION_LEVEL = "-Onone";
			};
			name = Debug;
		};
		DF2A4DBF26FB927A006D3FB6 /* Release */ = {
			isa = XCBuildConfiguration;
			buildSettings = {
				ALWAYS_SEARCH_USER_PATHS = NO;
				CLANG_ANALYZER_NONNULL = YES;
				CLANG_ANALYZER_NUMBER_OBJECT_CONVERSION = YES_AGGRESSIVE;
				CLANG_CXX_LANGUAGE_STANDARD = "gnu++14";
				CLANG_CXX_LIBRARY = "libc++";
				CLANG_ENABLE_MODULES = YES;
				CLANG_ENABLE_OBJC_ARC = YES;
				CLANG_ENABLE_OBJC_WEAK = YES;
				CLANG_WARN_BLOCK_CAPTURE_AUTORELEASING = YES;
				CLANG_WARN_BOOL_CONVERSION = YES;
				CLANG_WARN_COMMA = YES;
				CLANG_WARN_CONSTANT_CONVERSION = YES;
				CLANG_WARN_DEPRECATED_OBJC_IMPLEMENTATIONS = YES;
				CLANG_WARN_DIRECT_OBJC_ISA_USAGE = YES_ERROR;
				CLANG_WARN_DOCUMENTATION_COMMENTS = YES;
				CLANG_WARN_EMPTY_BODY = YES;
				CLANG_WARN_ENUM_CONVERSION = YES;
				CLANG_WARN_INFINITE_RECURSION = YES;
				CLANG_WARN_INT_CONVERSION = YES;
				CLANG_WARN_NON_LITERAL_NULL_CONVERSION = YES;
				CLANG_WARN_OBJC_IMPLICIT_RETAIN_SELF = YES;
				CLANG_WARN_OBJC_LITERAL_CONVERSION = YES;
				CLANG_WARN_OBJC_ROOT_CLASS = YES_ERROR;
				CLANG_WARN_QUOTED_INCLUDE_IN_FRAMEWORK_HEADER = YES;
				CLANG_WARN_RANGE_LOOP_ANALYSIS = YES;
				CLANG_WARN_STRICT_PROTOTYPES = YES;
				CLANG_WARN_SUSPICIOUS_MOVE = YES;
				CLANG_WARN_UNGUARDED_AVAILABILITY = YES_AGGRESSIVE;
				CLANG_WARN_UNREACHABLE_CODE = YES;
				CLANG_WARN__DUPLICATE_METHOD_MATCH = YES;
				COPY_PHASE_STRIP = NO;
				DEBUG_INFORMATION_FORMAT = "dwarf-with-dsym";
				ENABLE_NS_ASSERTIONS = NO;
				ENABLE_STRICT_OBJC_MSGSEND = YES;
				GCC_C_LANGUAGE_STANDARD = gnu11;
				GCC_NO_COMMON_BLOCKS = YES;
				GCC_WARN_64_TO_32_BIT_CONVERSION = YES;
				GCC_WARN_ABOUT_RETURN_TYPE = YES_ERROR;
				GCC_WARN_UNDECLARED_SELECTOR = YES;
				GCC_WARN_UNINITIALIZED_AUTOS = YES_AGGRESSIVE;
				GCC_WARN_UNUSED_FUNCTION = YES;
				GCC_WARN_UNUSED_VARIABLE = YES;
				IPHONEOS_DEPLOYMENT_TARGET = 14.5;
				MTL_ENABLE_DEBUG_INFO = NO;
				MTL_FAST_MATH = YES;
				SDKROOT = iphoneos;
				SWIFT_COMPILATION_MODE = wholemodule;
				SWIFT_OPTIMIZATION_LEVEL = "-O";
				VALIDATE_PRODUCT = YES;
			};
			name = Release;
		};
		DF2A4DC126FB927A006D3FB6 /* Debug */ = {
			isa = XCBuildConfiguration;
			buildSettings = {
				ASSETCATALOG_COMPILER_APPICON_NAME = AppIcon;
				ASSETCATALOG_COMPILER_GLOBAL_ACCENT_COLOR_NAME = AccentColor;
				CODE_SIGN_STYLE = Automatic;
				DEVELOPMENT_TEAM = Y259ZT3SQK;
				INFOPLIST_FILE = explorationGame/Info.plist;
				LD_RUNPATH_SEARCH_PATHS = (
					"$(inherited)",
					"@executable_path/Frameworks",
				);
				PRODUCT_BUNDLE_IDENTIFIER = net.lucasdesouza.explorationGame;
				PRODUCT_NAME = "$(TARGET_NAME)";
				SWIFT_VERSION = 5.0;
				TARGETED_DEVICE_FAMILY = "1,2";
			};
			name = Debug;
		};
		DF2A4DC226FB927A006D3FB6 /* Release */ = {
			isa = XCBuildConfiguration;
			buildSettings = {
				ASSETCATALOG_COMPILER_APPICON_NAME = AppIcon;
				ASSETCATALOG_COMPILER_GLOBAL_ACCENT_COLOR_NAME = AccentColor;
				CODE_SIGN_STYLE = Automatic;
				DEVELOPMENT_TEAM = Y259ZT3SQK;
				INFOPLIST_FILE = explorationGame/Info.plist;
				LD_RUNPATH_SEARCH_PATHS = (
					"$(inherited)",
					"@executable_path/Frameworks",
				);
				PRODUCT_BUNDLE_IDENTIFIER = net.lucasdesouza.explorationGame;
				PRODUCT_NAME = "$(TARGET_NAME)";
				SWIFT_VERSION = 5.0;
				TARGETED_DEVICE_FAMILY = "1,2";
			};
			name = Release;
		};
/* End XCBuildConfiguration section */

/* Begin XCConfigurationList section */
		DF2A4DA626FB9277006D3FB6 /* Build configuration list for PBXProject "explorationGame" */ = {
			isa = XCConfigurationList;
			buildConfigurations = (
				DF2A4DBE26FB927A006D3FB6 /* Debug */,
				DF2A4DBF26FB927A006D3FB6 /* Release */,
			);
			defaultConfigurationIsVisible = 0;
			defaultConfigurationName = Release;
		};
		DF2A4DC026FB927A006D3FB6 /* Build configuration list for PBXNativeTarget "explorationGame" */ = {
			isa = XCConfigurationList;
			buildConfigurations = (
				DF2A4DC126FB927A006D3FB6 /* Debug */,
				DF2A4DC226FB927A006D3FB6 /* Release */,
			);
			defaultConfigurationIsVisible = 0;
			defaultConfigurationName = Release;
		};
/* End XCConfigurationList section */
	};
	rootObject = DF2A4DA326FB9277006D3FB6 /* Project object */;
}
